
Microsoft Visual Studio Solution File, Format Version 12.00
# Visual Studio 14
VisualStudioVersion = 14.0.25123.0
MinimumVisualStudioVersion = 10.0.40219.1
Project("{FAE04EC0-301F-11D3-BF4B-00C04F79EFBC}") = "twofer", "twofer\twofer.csproj", "{77D415DB-BCC1-4690-99EA-0CDAD049BF5C}"
EndProject
Project("{FAE04EC0-301F-11D3-BF4B-00C04F79EFBC}") = "CPAG", "CPAG\CPAG.csproj", "{79D7CBC3-9A0B-4E77-8C66-BEBDB257C9E2}"
EndProject
Global
	GlobalSection(SolutionConfigurationPlatforms) = preSolution
		Debug|Any CPU = Debug|Any CPU
		Release|Any CPU = Release|Any CPU
	EndGlobalSection
	GlobalSection(ProjectConfigurationPlatforms) = postSolution
		{77D415DB-BCC1-4690-99EA-0CDAD049BF5C}.Debug|Any CPU.ActiveCfg = Debug|Any CPU
		{77D415DB-BCC1-4690-99EA-0CDAD049BF5C}.Debug|Any CPU.Build.0 = Debug|Any CPU
		{77D415DB-BCC1-4690-99EA-0CDAD049BF5C}.Release|Any CPU.ActiveCfg = Release|Any CPU
		{77D415DB-BCC1-4690-99EA-0CDAD049BF5C}.Release|Any CPU.Build.0 = Release|Any CPU
		{79D7CBC3-9A0B-4E77-8C66-BEBDB257C9E2}.Debug|Any CPU.ActiveCfg = Debug|Any CPU
		{79D7CBC3-9A0B-4E77-8C66-BEBDB257C9E2}.Debug|Any CPU.Build.0 = Debug|Any CPU
		{79D7CBC3-9A0B-4E77-8C66-BEBDB257C9E2}.Release|Any CPU.ActiveCfg = Release|Any CPU
		{79D7CBC3-9A0B-4E77-8C66-BEBDB257C9E2}.Release|Any CPU.Build.0 = Release|Any CPU
	EndGlobalSection
	GlobalSection(SolutionProperties) = preSolution
		HideSolutionNode = FALSE
	EndGlobalSection
EndGlobal
